
Microsoft Visual Studio Solution File, Format Version 12.00
# Visual Studio 15
VisualStudioVersion = 15.0.26430.6
MinimumVisualStudioVersion = 10.0.40219.1
Project("{FAE04EC0-301F-11D3-BF4B-00C04F79EFBC}") = "RubikCube.UI", "RubikCube.UI\RubikCube.UI.csproj", "{3DB9A58F-C4D8-4A89-AA6F-E15943908019}"
EndProject
Project("{FAE04EC0-301F-11D3-BF4B-00C04F79EFBC}") = "RubikCube.Domain", "RubikCube.Domain\RubikCube.Domain.csproj", "{2E4BAD3A-74B9-40C8-ACA2-01080E31EC44}"
EndProject
Global
	GlobalSection(SolutionConfigurationPlatforms) = preSolution
		Debug|Any CPU = Debug|Any CPU
		Debug|ARM = Debug|ARM
		Debug|x64 = Debug|x64
		Debug|x86 = Debug|x86
		Release|Any CPU = Release|Any CPU
		Release|ARM = Release|ARM
		Release|x64 = Release|x64
		Release|x86 = Release|x86
	EndGlobalSection
	GlobalSection(ProjectConfigurationPlatforms) = postSolution
		{3DB9A58F-C4D8-4A89-AA6F-E15943908019}.Debug|Any CPU.ActiveCfg = Debug|x86
		{3DB9A58F-C4D8-4A89-AA6F-E15943908019}.Debug|ARM.ActiveCfg = Debug|ARM
		{3DB9A58F-C4D8-4A89-AA6F-E15943908019}.Debug|ARM.Build.0 = Debug|ARM
		{3DB9A58F-C4D8-4A89-AA6F-E15943908019}.Debug|ARM.Deploy.0 = Debug|ARM
		{3DB9A58F-C4D8-4A89-AA6F-E15943908019}.Debug|x64.ActiveCfg = Debug|x64
		{3DB9A58F-C4D8-4A89-AA6F-E15943908019}.Debug|x64.Build.0 = Debug|x64
		{3DB9A58F-C4D8-4A89-AA6F-E15943908019}.Debug|x64.Deploy.0 = Debug|x64
		{3DB9A58F-C4D8-4A89-AA6F-E15943908019}.Debug|x86.ActiveCfg = Debug|x86
		{3DB9A58F-C4D8-4A89-AA6F-E15943908019}.Debug|x86.Build.0 = Debug|x86
		{3DB9A58F-C4D8-4A89-AA6F-E15943908019}.Debug|x86.Deploy.0 = Debug|x86
		{3DB9A58F-C4D8-4A89-AA6F-E15943908019}.Release|Any CPU.ActiveCfg = Release|x86
		{3DB9A58F-C4D8-4A89-AA6F-E15943908019}.Release|ARM.ActiveCfg = Release|ARM
		{3DB9A58F-C4D8-4A89-AA6F-E15943908019}.Release|ARM.Build.0 = Release|ARM
		{3DB9A58F-C4D8-4A89-AA6F-E15943908019}.Release|ARM.Deploy.0 = Release|ARM
		{3DB9A58F-C4D8-4A89-AA6F-E15943908019}.Release|x64.ActiveCfg = Release|x64
		{3DB9A58F-C4D8-4A89-AA6F-E15943908019}.Release|x64.Build.0 = Release|x64
		{3DB9A58F-C4D8-4A89-AA6F-E15943908019}.Release|x64.Deploy.0 = Release|x64
		{3DB9A58F-C4D8-4A89-AA6F-E15943908019}.Release|x86.ActiveCfg = Release|x86
		{3DB9A58F-C4D8-4A89-AA6F-E15943908019}.Release|x86.Build.0 = Release|x86
		{3DB9A58F-C4D8-4A89-AA6F-E15943908019}.Release|x86.Deploy.0 = Release|x86
		{2E4BAD3A-74B9-40C8-ACA2-01080E31EC44}.Debug|Any CPU.ActiveCfg = Debug|Any CPU
		{2E4BAD3A-74B9-40C8-ACA2-01080E31EC44}.Debug|Any CPU.Build.0 = Debug|Any CPU
		{2E4BAD3A-74B9-40C8-ACA2-01080E31EC44}.Debug|ARM.ActiveCfg = Debug|ARM
		{2E4BAD3A-74B9-40C8-ACA2-01080E31EC44}.Debug|ARM.Build.0 = Debug|ARM
		{2E4BAD3A-74B9-40C8-ACA2-01080E31EC44}.Debug|x64.ActiveCfg = Debug|x64
		{2E4BAD3A-74B9-40C8-ACA2-01080E31EC44}.Debug|x64.Build.0 = Debug|x64
		{2E4BAD3A-74B9-40C8-ACA2-01080E31EC44}.Debug|x86.ActiveCfg = Debug|x86
		{2E4BAD3A-74B9-40C8-ACA2-01080E31EC44}.Debug|x86.Build.0 = Debug|x86
		{2E4BAD3A-74B9-40C8-ACA2-01080E31EC44}.Release|Any CPU.ActiveCfg = Release|Any CPU
		{2E4BAD3A-74B9-40C8-ACA2-01080E31EC44}.Release|Any CPU.Build.0 = Release|Any CPU
		{2E4BAD3A-74B9-40C8-ACA2-01080E31EC44}.Release|ARM.ActiveCfg = Release|ARM
		{2E4BAD3A-74B9-40C8-ACA2-01080E31EC44}.Release|ARM.Build.0 = Release|ARM
		{2E4BAD3A-74B9-40C8-ACA2-01080E31EC44}.Release|x64.ActiveCfg = Release|x64
		{2E4BAD3A-74B9-40C8-ACA2-01080E31EC44}.Release|x64.Build.0 = Release|x64
		{2E4BAD3A-74B9-40C8-ACA2-01080E31EC44}.Release|x86.ActiveCfg = Release|x86
		{2E4BAD3A-74B9-40C8-ACA2-01080E31EC44}.Release|x86.Build.0 = Release|x86
	EndGlobalSection
	GlobalSection(SolutionProperties) = preSolution
		HideSolutionNode = FALSE
	EndGlobalSection
EndGlobal
